
Microsoft Visual Studio Solution File, Format Version 12.00
# Visual Studio 14
VisualStudioVersion = 14.0.25420.1
MinimumVisualStudioVersion = 10.0.40219.1
Project("{FAE04EC0-301F-11D3-BF4B-00C04F79EFBC}") = "Taz Wanted Modding Tool", "Taz Wanted Modding Tool\Taz Wanted Modding Tool.csproj", "{73D275F2-CDE2-448D-9FFC-7B62BAE9EACB}"
EndProject
Global
	GlobalSection(SolutionConfigurationPlatforms) = preSolution
		Debug|Any CPU = Debug|Any CPU
		Release|Any CPU = Release|Any CPU
	EndGlobalSection
	GlobalSection(ProjectConfigurationPlatforms) = postSolution
		{73D275F2-CDE2-448D-9FFC-7B62BAE9EACB}.Debug|Any CPU.ActiveCfg = Debug|Any CPU
		{73D275F2-CDE2-448D-9FFC-7B62BAE9EACB}.Debug|Any CPU.Build.0 = Debug|Any CPU
		{73D275F2-CDE2-448D-9FFC-7B62BAE9EACB}.Release|Any CPU.ActiveCfg = Release|Any CPU
		{73D275F2-CDE2-448D-9FFC-7B62BAE9EACB}.Release|Any CPU.Build.0 = Release|Any CPU
	EndGlobalSection
	GlobalSection(SolutionProperties) = preSolution
		HideSolutionNode = FALSE
	EndGlobalSection
EndGlobal
